
Microsoft Visual Studio Solution File, Format Version 12.00
# Visual Studio Version 17
VisualStudioVersion = 17.9.34902.65
MinimumVisualStudioVersion = 10.0.40219.1
Project("{9A19103F-16F7-4668-BE54-9A1E7A4F7556}") = "LyricSyncWindows", "LyricSyncWindows\LyricSyncWindows.csproj", "{75ED635F-BAD1-4664-97E8-6984053CF154}"
EndProject
Global
	GlobalSection(SolutionConfigurationPlatforms) = preSolution
		Debug|Any CPU = Debug|Any CPU
		Debug|x64 = Debug|x64
		Release|Any CPU = Release|Any CPU
		Release|x64 = Release|x64
	EndGlobalSection
	GlobalSection(ProjectConfigurationPlatforms) = postSolution
		{75ED635F-BAD1-4664-97E8-6984053CF154}.Debug|Any CPU.ActiveCfg = Debug|x64
		{75ED635F-BAD1-4664-97E8-6984053CF154}.Debug|Any CPU.Build.0 = Debug|x64
		{75ED635F-BAD1-4664-97E8-6984053CF154}.Debug|x64.ActiveCfg = Debug|x64
		{75ED635F-BAD1-4664-97E8-6984053CF154}.Debug|x64.Build.0 = Debug|x64
		{75ED635F-BAD1-4664-97E8-6984053CF154}.Release|Any CPU.ActiveCfg = Release|Any CPU
		{75ED635F-BAD1-4664-97E8-6984053CF154}.Release|Any CPU.Build.0 = Release|Any CPU
		{75ED635F-BAD1-4664-97E8-6984053CF154}.Release|x64.ActiveCfg = Release|x64
		{75ED635F-BAD1-4664-97E8-6984053CF154}.Release|x64.Build.0 = Release|x64
	EndGlobalSection
	GlobalSection(SolutionProperties) = preSolution
		HideSolutionNode = FALSE
	EndGlobalSection
	GlobalSection(ExtensibilityGlobals) = postSolution
		SolutionGuid = {BC4EB5FE-7CC9-4D8E-B1C2-0C89FADA9632}
	EndGlobalSection
EndGlobal
